
Microsoft Visual Studio Solution File, Format Version 12.00
# Visual Studio Version 17
VisualStudioVersion = 17.11.35222.181
MinimumVisualStudioVersion = 10.0.40219.1
Project("{FAE04EC0-301F-11D3-BF4B-00C04F79EFBC}") = "Lab1_Pacman_maui", "Lab1_Pacman_maui\Lab1_Pacman_maui.csproj", "{0EE1B26C-4E99-4022-B058-000E5CA06BAC}"
EndProject
Global
	GlobalSection(SolutionConfigurationPlatforms) = preSolution
		Debug|Any CPU = Debug|Any CPU
		Release|Any CPU = Release|Any CPU
	EndGlobalSection
	GlobalSection(ProjectConfigurationPlatforms) = postSolution
		{0EE1B26C-4E99-4022-B058-000E5CA06BAC}.Debug|Any CPU.ActiveCfg = Debug|Any CPU
		{0EE1B26C-4E99-4022-B058-000E5CA06BAC}.Debug|Any CPU.Build.0 = Debug|Any CPU
		{0EE1B26C-4E99-4022-B058-000E5CA06BAC}.Debug|Any CPU.Deploy.0 = Debug|Any CPU
		{0EE1B26C-4E99-4022-B058-000E5CA06BAC}.Release|Any CPU.ActiveCfg = Release|Any CPU
		{0EE1B26C-4E99-4022-B058-000E5CA06BAC}.Release|Any CPU.Build.0 = Release|Any CPU
		{0EE1B26C-4E99-4022-B058-000E5CA06BAC}.Release|Any CPU.Deploy.0 = Release|Any CPU
	EndGlobalSection
	GlobalSection(SolutionProperties) = preSolution
		HideSolutionNode = FALSE
	EndGlobalSection
	GlobalSection(ExtensibilityGlobals) = postSolution
		SolutionGuid = {FC23FF63-1485-4AA0-91D8-41595B479FBB}
	EndGlobalSection
EndGlobal
